// !$*UTF8*$!
{
	archiveVersion = 1;
	classes = {
	};
	objectVersion = 50;
	objects = {

/* Begin PBXBuildFile section */
		A6B3FF1427013CA70060ED0F /* Notes WatchKit App.app in Embed Watch Content */ = {isa = PBXBuildFile; fileRef = A6B3FF1327013CA70060ED0F /* Notes WatchKit App.app */; settings = {ATTRIBUTES = (RemoveHeadersOnCopy, ); }; };
		A6B3FF1927013CA80060ED0F /* Assets.xcassets in Resources */ = {isa = PBXBuildFile; fileRef = A6B3FF1827013CA80060ED0F /* Assets.xcassets */; };
		A6B3FF2027013CA80060ED0F /* Notes WatchKit Extension.appex in Embed App Extensions */ = {isa = PBXBuildFile; fileRef = A6B3FF1F27013CA80060ED0F /* Notes WatchKit Extension.appex */; settings = {ATTRIBUTES = (RemoveHeadersOnCopy, ); }; };
		A6B3FF2527013CA80060ED0F /* ContentView.swift in Sources */ = {isa = PBXBuildFile; fileRef = A6B3FF2427013CA80060ED0F /* ContentView.swift */; };
		A6B3FF2727013CA80060ED0F /* NotesApp.swift in Sources */ = {isa = PBXBuildFile; fileRef = A6B3FF2627013CA80060ED0F /* NotesApp.swift */; };
		A6B3FF2927013CA80060ED0F /* ComplicationController.swift in Sources */ = {isa = PBXBuildFile; fileRef = A6B3FF2827013CA80060ED0F /* ComplicationController.swift */; };
		A6B3FF2B27013CA90060ED0F /* Assets.xcassets in Resources */ = {isa = PBXBuildFile; fileRef = A6B3FF2A27013CA90060ED0F /* Assets.xcassets */; };
		A6B3FF2E27013CA90060ED0F /* Preview Assets.xcassets in Resources */ = {isa = PBXBuildFile; fileRef = A6B3FF2D27013CA90060ED0F /* Preview Assets.xcassets */; };
		A6B3FF402701401F0060ED0F /* Note.swift in Sources */ = {isa = PBXBuildFile; fileRef = A6B3FF3F2701401F0060ED0F /* Note.swift */; };
/* End PBXBuildFile section */

/* Begin PBXContainerItemProxy section */
		A6B3FF1527013CA70060ED0F /* PBXContainerItemProxy */ = {
			isa = PBXContainerItemProxy;
			containerPortal = A6B3FF0927013CA70060ED0F /* Project object */;
			proxyType = 1;
			remoteGlobalIDString = A6B3FF1227013CA70060ED0F;
			remoteInfo = "Notes WatchKit App";
		};
		A6B3FF2127013CA80060ED0F /* PBXContainerItemProxy */ = {
			isa = PBXContainerItemProxy;
			containerPortal = A6B3FF0927013CA70060ED0F /* Project object */;
			proxyType = 1;
			remoteGlobalIDString = A6B3FF1E27013CA80060ED0F;
			remoteInfo = "Notes WatchKit Extension";
		};
/* End PBXContainerItemProxy section */

/* Begin PBXCopyFilesBuildPhase section */
		A6B3FF3527013CA90060ED0F /* Embed App Extensions */ = {
			isa = PBXCopyFilesBuildPhase;
			buildActionMask = 2147483647;
			dstPath = "";
			dstSubfolderSpec = 13;
			files = (
				A6B3FF2027013CA80060ED0F /* Notes WatchKit Extension.appex in Embed App Extensions */,
			);
			name = "Embed App Extensions";
			runOnlyForDeploymentPostprocessing = 0;
		};
		A6B3FF3927013CA90060ED0F /* Embed Watch Content */ = {
			isa = PBXCopyFilesBuildPhase;
			buildActionMask = 2147483647;
			dstPath = "$(CONTENTS_FOLDER_PATH)/Watch";
			dstSubfolderSpec = 16;
			files = (
				A6B3FF1427013CA70060ED0F /* Notes WatchKit App.app in Embed Watch Content */,
			);
			name = "Embed Watch Content";
			runOnlyForDeploymentPostprocessing = 0;
		};
/* End PBXCopyFilesBuildPhase section */

/* Begin PBXFileReference section */
		A6B3FF0F27013CA70060ED0F /* Notes.app */ = {isa = PBXFileReference; explicitFileType = wrapper.application; includeInIndex = 0; path = Notes.app; sourceTree = BUILT_PRODUCTS_DIR; };
		A6B3FF1327013CA70060ED0F /* Notes WatchKit App.app */ = {isa = PBXFileReference; explicitFileType = wrapper.application; includeInIndex = 0; path = "Notes WatchKit App.app"; sourceTree = BUILT_PRODUCTS_DIR; };
		A6B3FF1827013CA80060ED0F /* Assets.xcassets */ = {isa = PBXFileReference; lastKnownFileType = folder.assetcatalog; path = Assets.xcassets; sourceTree = "<group>"; };
		A6B3FF1A27013CA80060ED0F /* Info.plist */ = {isa = PBXFileReference; lastKnownFileType = text.plist.xml; path = Info.plist; sourceTree = "<group>"; };
		A6B3FF1F27013CA80060ED0F /* Notes WatchKit Extension.appex */ = {isa = PBXFileReference; explicitFileType = "wrapper.app-extension"; includeInIndex = 0; path = "Notes WatchKit Extension.appex"; sourceTree = BUILT_PRODUCTS_DIR; };
		A6B3FF2427013CA80060ED0F /* ContentView.swift */ = {isa = PBXFileReference; lastKnownFileType = sourcecode.swift; path = ContentView.swift; sourceTree = "<group>"; };
		A6B3FF2627013CA80060ED0F /* NotesApp.swift */ = {isa = PBXFileReference; lastKnownFileType = sourcecode.swift; path = NotesApp.swift; sourceTree = "<group>"; };
		A6B3FF2827013CA80060ED0F /* ComplicationController.swift */ = {isa = PBXFileReference; lastKnownFileType = sourcecode.swift; path = ComplicationController.swift; sourceTree = "<group>"; };
		A6B3FF2A27013CA90060ED0F /* Assets.xcassets */ = {isa = PBXFileReference; lastKnownFileType = folder.assetcatalog; path = Assets.xcassets; sourceTree = "<group>"; };
		A6B3FF2D27013CA90060ED0F /* Preview Assets.xcassets */ = {isa = PBXFileReference; lastKnownFileType = folder.assetcatalog; path = "Preview Assets.xcassets"; sourceTree = "<group>"; };
		A6B3FF2F27013CA90060ED0F /* Info.plist */ = {isa = PBXFileReference; lastKnownFileType = text.plist.xml; path = Info.plist; sourceTree = "<group>"; };
		A6B3FF3F2701401F0060ED0F /* Note.swift */ = {isa = PBXFileReference; lastKnownFileType = sourcecode.swift; path = Note.swift; sourceTree = "<group>"; };
/* End PBXFileReference section */

/* Begin PBXFrameworksBuildPhase section */
		A6B3FF1C27013CA80060ED0F /* Frameworks */ = {
			isa = PBXFrameworksBuildPhase;
			buildActionMask = 2147483647;
			files = (
			);
			runOnlyForDeploymentPostprocessing = 0;
		};
/* End PBXFrameworksBuildPhase section */

/* Begin PBXGroup section */
		A6B3FF0827013CA70060ED0F = {
			isa = PBXGroup;
			children = (
				A6B3FF1727013CA70060ED0F /* Notes WatchKit App */,
				A6B3FF2327013CA80060ED0F /* Notes WatchKit Extension */,
				A6B3FF1027013CA70060ED0F /* Products */,
			);
			sourceTree = "<group>";
		};
		A6B3FF1027013CA70060ED0F /* Products */ = {
			isa = PBXGroup;
			children = (
				A6B3FF0F27013CA70060ED0F /* Notes.app */,
				A6B3FF1327013CA70060ED0F /* Notes WatchKit App.app */,
				A6B3FF1F27013CA80060ED0F /* Notes WatchKit Extension.appex */,
			);
			name = Products;
			sourceTree = "<group>";
		};
		A6B3FF1727013CA70060ED0F /* Notes WatchKit App */ = {
			isa = PBXGroup;
			children = (
				A6B3FF1827013CA80060ED0F /* Assets.xcassets */,
				A6B3FF1A27013CA80060ED0F /* Info.plist */,
			);
			path = "Notes WatchKit App";
			sourceTree = "<group>";
		};
		A6B3FF2327013CA80060ED0F /* Notes WatchKit Extension */ = {
			isa = PBXGroup;
			children = (
				A6B3FF3E270140100060ED0F /* Model */,
				A6B3FF3D27013FFE0060ED0F /* View */,
				A6B3FF2627013CA80060ED0F /* NotesApp.swift */,
				A6B3FF2827013CA80060ED0F /* ComplicationController.swift */,
				A6B3FF2A27013CA90060ED0F /* Assets.xcassets */,
				A6B3FF2F27013CA90060ED0F /* Info.plist */,
				A6B3FF2C27013CA90060ED0F /* Preview Content */,
			);
			path = "Notes WatchKit Extension";
			sourceTree = "<group>";
		};
		A6B3FF2C27013CA90060ED0F /* Preview Content */ = {
			isa = PBXGroup;
			children = (
				A6B3FF2D27013CA90060ED0F /* Preview Assets.xcassets */,
			);
			path = "Preview Content";
			sourceTree = "<group>";
		};
		A6B3FF3D27013FFE0060ED0F /* View */ = {
			isa = PBXGroup;
			children = (
				A6B3FF2427013CA80060ED0F /* ContentView.swift */,
			);
			path = View;
			sourceTree = "<group>";
		};
		A6B3FF3E270140100060ED0F /* Model */ = {
			isa = PBXGroup;
			children = (
				A6B3FF3F2701401F0060ED0F /* Note.swift */,
			);
			path = Model;
			sourceTree = "<group>";
		};
/* End PBXGroup section */

/* Begin PBXNativeTarget section */
		A6B3FF0E27013CA70060ED0F /* Notes */ = {
			isa = PBXNativeTarget;
			buildConfigurationList = A6B3FF3A27013CA90060ED0F /* Build configuration list for PBXNativeTarget "Notes" */;
			buildPhases = (
				A6B3FF0D27013CA70060ED0F /* Resources */,
				A6B3FF3927013CA90060ED0F /* Embed Watch Content */,
			);
			buildRules = (
			);
			dependencies = (
				A6B3FF1627013CA70060ED0F /* PBXTargetDependency */,
			);
			name = Notes;
			productName = Notes;
			productReference = A6B3FF0F27013CA70060ED0F /* Notes.app */;
			productType = "com.apple.product-type.application.watchapp2-container";
		};
		A6B3FF1227013CA70060ED0F /* Notes WatchKit App */ = {
			isa = PBXNativeTarget;
			buildConfigurationList = A6B3FF3627013CA90060ED0F /* Build configuration list for PBXNativeTarget "Notes WatchKit App" */;
			buildPhases = (
				A6B3FF1127013CA70060ED0F /* Resources */,
				A6B3FF3527013CA90060ED0F /* Embed App Extensions */,
			);
			buildRules = (
			);
			dependencies = (
				A6B3FF2227013CA80060ED0F /* PBXTargetDependency */,
			);
			name = "Notes WatchKit App";
			productName = "Notes WatchKit App";
			productReference = A6B3FF1327013CA70060ED0F /* Notes WatchKit App.app */;
			productType = "com.apple.product-type.application.watchapp2";
		};
		A6B3FF1E27013CA80060ED0F /* Notes WatchKit Extension */ = {
			isa = PBXNativeTarget;
			buildConfigurationList = A6B3FF3227013CA90060ED0F /* Build configuration list for PBXNativeTarget "Notes WatchKit Extension" */;
			buildPhases = (
				A6B3FF1B27013CA80060ED0F /* Sources */,
				A6B3FF1C27013CA80060ED0F /* Frameworks */,
				A6B3FF1D27013CA80060ED0F /* Resources */,
			);
			buildRules = (
			);
			dependencies = (
			);
			name = "Notes WatchKit Extension";
			productName = "Notes WatchKit Extension";
			productReference = A6B3FF1F27013CA80060ED0F /* Notes WatchKit Extension.appex */;
			productType = "com.apple.product-type.watchkit2-extension";
		};
/* End PBXNativeTarget section */

/* Begin PBXProject section */
		A6B3FF0927013CA70060ED0F /* Project object */ = {
			isa = PBXProject;
			attributes = {
				LastSwiftUpdateCheck = 1250;
				LastUpgradeCheck = 1250;
				TargetAttributes = {
					A6B3FF0E27013CA70060ED0F = {
						CreatedOnToolsVersion = 12.5.1;
					};
					A6B3FF1227013CA70060ED0F = {
						CreatedOnToolsVersion = 12.5.1;
					};
					A6B3FF1E27013CA80060ED0F = {
						CreatedOnToolsVersion = 12.5.1;
					};
				};
			};
			buildConfigurationList = A6B3FF0C27013CA70060ED0F /* Build configuration list for PBXProject "Notes" */;
			compatibilityVersion = "Xcode 9.3";
			developmentRegion = en;
			hasScannedForEncodings = 0;
			knownRegions = (
				en,
				Base,
			);
			mainGroup = A6B3FF0827013CA70060ED0F;
			productRefGroup = A6B3FF1027013CA70060ED0F /* Products */;
			projectDirPath = "";
			projectRoot = "";
			targets = (
				A6B3FF0E27013CA70060ED0F /* Notes */,
				A6B3FF1227013CA70060ED0F /* Notes WatchKit App */,
				A6B3FF1E27013CA80060ED0F /* Notes WatchKit Extension */,
			);
		};
/* End PBXProject section */

/* Begin PBXResourcesBuildPhase section */
		A6B3FF0D27013CA70060ED0F /* Resources */ = {
			isa = PBXResourcesBuildPhase;
			buildActionMask = 2147483647;
			files = (
			);
			runOnlyForDeploymentPostprocessing = 0;
		};
		A6B3FF1127013CA70060ED0F /* Resources */ = {
			isa = PBXResourcesBuildPhase;
			buildActionMask = 2147483647;
			files = (
				A6B3FF1927013CA80060ED0F /* Assets.xcassets in Resources */,
			);
			runOnlyForDeploymentPostprocessing = 0;
		};
		A6B3FF1D27013CA80060ED0F /* Resources */ = {
			isa = PBXResourcesBuildPhase;
			buildActionMask = 2147483647;
			files = (
				A6B3FF2E27013CA90060ED0F /* Preview Assets.xcassets in Resources */,
				A6B3FF2B27013CA90060ED0F /* Assets.xcassets in Resources */,
			);
			runOnlyForDeploymentPostprocessing = 0;
		};
/* End PBXResourcesBuildPhase section */

/* Begin PBXSourcesBuildPhase section */
		A6B3FF1B27013CA80060ED0F /* Sources */ = {
			isa = PBXSourcesBuildPhase;
			buildActionMask = 2147483647;
			files = (
				A6B3FF2527013CA80060ED0F /* ContentView.swift in Sources */,
				A6B3FF2727013CA80060ED0F /* NotesApp.swift in Sources */,
				A6B3FF2927013CA80060ED0F /* ComplicationController.swift in Sources */,
				A6B3FF402701401F0060ED0F /* Note.swift in Sources */,
			);
			runOnlyForDeploymentPostprocessing = 0;
		};
/* End PBXSourcesBuildPhase section */

/* Begin PBXTargetDependency section */
		A6B3FF1627013CA70060ED0F /* PBXTargetDependency */ = {
			isa = PBXTargetDependency;
			target = A6B3FF1227013CA70060ED0F /* Notes WatchKit App */;
			targetProxy = A6B3FF1527013CA70060ED0F /* PBXContainerItemProxy */;
		};
		A6B3FF2227013CA80060ED0F /* PBXTargetDependency */ = {
			isa = PBXTargetDependency;
			target = A6B3FF1E27013CA80060ED0F /* Notes WatchKit Extension */;
			targetProxy = A6B3FF2127013CA80060ED0F /* PBXContainerItemProxy */;
		};
/* End PBXTargetDependency section */

/* Begin XCBuildConfiguration section */
		A6B3FF3027013CA90060ED0F /* Debug */ = {
			isa = XCBuildConfiguration;
			buildSettings = {
				ALWAYS_SEARCH_USER_PATHS = NO;
				CLANG_ANALYZER_NONNULL = YES;
				CLANG_ANALYZER_NUMBER_OBJECT_CONVERSION = YES_AGGRESSIVE;
				CLANG_CXX_LANGUAGE_STANDARD = "gnu++14";
				CLANG_CXX_LIBRARY = "libc++";
				CLANG_ENABLE_MODULES = YES;
				CLANG_ENABLE_OBJC_ARC = YES;
				CLANG_ENABLE_OBJC_WEAK = YES;
				CLANG_WARN_BLOCK_CAPTURE_AUTORELEASING = YES;
				CLANG_WARN_BOOL_CONVERSION = YES;
				CLANG_WARN_COMMA = YES;
				CLANG_WARN_CONSTANT_CONVERSION = YES;
				CLANG_WARN_DEPRECATED_OBJC_IMPLEMENTATIONS = YES;
				CLANG_WARN_DIRECT_OBJC_ISA_USAGE = YES_ERROR;
				CLANG_WARN_DOCUMENTATION_COMMENTS = YES;
				CLANG_WARN_EMPTY_BODY = YES;
				CLANG_WARN_ENUM_CONVERSION = YES;
				CLANG_WARN_INFINITE_RECURSION = YES;
				CLANG_WARN_INT_CONVERSION = YES;
				CLANG_WARN_NON_LITERAL_NULL_CONVERSION = YES;
				CLANG_WARN_OBJC_IMPLICIT_RETAIN_SELF = YES;
				CLANG_WARN_OBJC_LITERAL_CONVERSION = YES;
				CLANG_WARN_OBJC_ROOT_CLASS = YES_ERROR;
				CLANG_WARN_QUOTED_INCLUDE_IN_FRAMEWORK_HEADER = YES;
				CLANG_WARN_RANGE_LOOP_ANALYSIS = YES;
				CLANG_WARN_STRICT_PROTOTYPES = YES;
				CLANG_WARN_SUSPICIOUS_MOVE = YES;
				CLANG_WARN_UNGUARDED_AVAILABILITY = YES_AGGRESSIVE;
				CLANG_WARN_UNREACHABLE_CODE = YES;
				CLANG_WARN__DUPLICATE_METHOD_MATCH = YES;
				COPY_PHASE_STRIP = NO;
				DEBUG_INFORMATION_FORMAT = dwarf;
				ENABLE_STRICT_OBJC_MSGSEND = YES;
				ENABLE_TESTABILITY = YES;
				GCC_C_LANGUAGE_STANDARD = gnu11;
				GCC_DYNAMIC_NO_PIC = NO;
				GCC_NO_COMMON_BLOCKS = YES;
				GCC_OPTIMIZATION_LEVEL = 0;
				GCC_PREPROCESSOR_DEFINITIONS = (
					"DEBUG=1",
					"$(inherited)",
				);
				GCC_WARN_64_TO_32_BIT_CONVERSION = YES;
				GCC_WARN_ABOUT_RETURN_TYPE = YES_ERROR;
				GCC_WARN_UNDECLARED_SELECTOR = YES;
				GCC_WARN_UNINITIALIZED_AUTOS = YES_AGGRESSIVE;
				GCC_WARN_UNUSED_FUNCTION = YES;
				GCC_WARN_UNUSED_VARIABLE = YES;
				MTL_ENABLE_DEBUG_INFO = INCLUDE_SOURCE;
				MTL_FAST_MATH = YES;
				ONLY_ACTIVE_ARCH = YES;
				SDKROOT = iphoneos;
				SWIFT_ACTIVE_COMPILATION_CONDITIONS = DEBUG;
				SWIFT_OPTIMIZATION_LEVEL = "-Onone";
			};
			name = Debug;
		};
		A6B3FF3127013CA90060ED0F /* Release */ = {
			isa = XCBuildConfiguration;
			buildSettings = {
				ALWAYS_SEARCH_USER_PATHS = NO;
				CLANG_ANALYZER_NONNULL = YES;
				CLANG_ANALYZER_NUMBER_OBJECT_CONVERSION = YES_AGGRESSIVE;
				CLANG_CXX_LANGUAGE_STANDARD = "gnu++14";
				CLANG_CXX_LIBRARY = "libc++";
				CLANG_ENABLE_MODULES = YES;
				CLANG_ENABLE_OBJC_ARC = YES;
				CLANG_ENABLE_OBJC_WEAK = YES;
				CLANG_WARN_BLOCK_CAPTURE_AUTORELEASING = YES;
				CLANG_WARN_BOOL_CONVERSION = YES;
				CLANG_WARN_COMMA = YES;
				CLANG_WARN_CONSTANT_CONVERSION = YES;
				CLANG_WARN_DEPRECATED_OBJC_IMPLEMENTATIONS = YES;
				CLANG_WARN_DIRECT_OBJC_ISA_USAGE = YES_ERROR;
				CLANG_WARN_DOCUMENTATION_COMMENTS = YES;
				CLANG_WARN_EMPTY_BODY = YES;
				CLANG_WARN_ENUM_CONVERSION = YES;
				CLANG_WARN_INFINITE_RECURSION = YES;
				CLANG_WARN_INT_CONVERSION = YES;
				CLANG_WARN_NON_LITERAL_NULL_CONVERSION = YES;
				CLANG_WARN_OBJC_IMPLICIT_RETAIN_SELF = YES;
				CLANG_WARN_OBJC_LITERAL_CONVERSION = YES;
				CLANG_WARN_OBJC_ROOT_CLASS = YES_ERROR;
				CLANG_WARN_QUOTED_INCLUDE_IN_FRAMEWORK_HEADER = YES;
				CLANG_WARN_RANGE_LOOP_ANALYSIS = YES;
				CLANG_WARN_STRICT_PROTOTYPES = YES;
				CLANG_WARN_SUSPICIOUS_MOVE = YES;
				CLANG_WARN_UNGUARDED_AVAILABILITY = YES_AGGRESSIVE;
				CLANG_WARN_UNREACHABLE_CODE = YES;
				CLANG_WARN__DUPLICATE_METHOD_MATCH = YES;
				COPY_PHASE_STRIP = NO;
				DEBUG_INFORMATION_FORMAT = "dwarf-with-dsym";
				ENABLE_NS_ASSERTIONS = NO;
				ENABLE_STRICT_OBJC_MSGSEND = YES;
				GCC_C_LANGUAGE_STANDARD = gnu11;
				GCC_NO_COMMON_BLOCKS = YES;
				GCC_WARN_64_TO_32_BIT_CONVERSION = YES;
				GCC_WARN_ABOUT_RETURN_TYPE = YES_ERROR;
				GCC_WARN_UNDECLARED_SELECTOR = YES;
				GCC_WARN_UNINITIALIZED_AUTOS = YES_AGGRESSIVE;
				GCC_WARN_UNUSED_FUNCTION = YES;
				GCC_WARN_UNUSED_VARIABLE = YES;
				MTL_ENABLE_DEBUG_INFO = NO;
				MTL_FAST_MATH = YES;
				SDKROOT = iphoneos;
				SWIFT_COMPILATION_MODE = wholemodule;
				SWIFT_OPTIMIZATION_LEVEL = "-O";
				VALIDATE_PRODUCT = YES;
			};
			name = Release;
		};
		A6B3FF3327013CA90060ED0F /* Debug */ = {
			isa = XCBuildConfiguration;
			buildSettings = {
				ASSETCATALOG_COMPILER_COMPLICATION_NAME = Complication;
				CODE_SIGN_STYLE = Automatic;
				DEVELOPMENT_ASSET_PATHS = "\"Notes WatchKit Extension/Preview Content\"";
				DEVELOPMENT_TEAM = 8P82DXK79N;
				ENABLE_PREVIEWS = YES;
				INFOPLIST_FILE = "Notes WatchKit Extension/Info.plist";
				LD_RUNPATH_SEARCH_PATHS = (
					"$(inherited)",
					"@executable_path/Frameworks",
					"@executable_path/../../Frameworks",
				);
				PRODUCT_BUNDLE_IDENTIFIER = com.nicdeane.Notes.watchkitapp.watchkitextension;
				PRODUCT_NAME = "${TARGET_NAME}";
				SDKROOT = watchos;
				SKIP_INSTALL = YES;
				SWIFT_VERSION = 5.0;
				TARGETED_DEVICE_FAMILY = 4;
				WATCHOS_DEPLOYMENT_TARGET = 7.4;
			};
			name = Debug;
		};
		A6B3FF3427013CA90060ED0F /* Release */ = {
			isa = XCBuildConfiguration;
			buildSettings = {
				ASSETCATALOG_COMPILER_COMPLICATION_NAME = Complication;
				CODE_SIGN_STYLE = Automatic;
				DEVELOPMENT_ASSET_PATHS = "\"Notes WatchKit Extension/Preview Content\"";
				DEVELOPMENT_TEAM = 8P82DXK79N;
				ENABLE_PREVIEWS = YES;
				INFOPLIST_FILE = "Notes WatchKit Extension/Info.plist";
				LD_RUNPATH_SEARCH_PATHS = (
					"$(inherited)",
					"@executable_path/Frameworks",
					"@executable_path/../../Frameworks",
				);
				PRODUCT_BUNDLE_IDENTIFIER = com.nicdeane.Notes.watchkitapp.watchkitextension;
				PRODUCT_NAME = "${TARGET_NAME}";
				SDKROOT = watchos;
				SKIP_INSTALL = YES;
				SWIFT_VERSION = 5.0;
				TARGETED_DEVICE_FAMILY = 4;
				WATCHOS_DEPLOYMENT_TARGET = 7.4;
			};
			name = Release;
		};
		A6B3FF3727013CA90060ED0F /* Debug */ = {
			isa = XCBuildConfiguration;
			buildSettings = {
				ALWAYS_EMBED_SWIFT_STANDARD_LIBRARIES = YES;
				ASSETCATALOG_COMPILER_APPICON_NAME = AppIcon;
				ASSETCATALOG_COMPILER_GLOBAL_ACCENT_COLOR_NAME = AccentColor;
				CODE_SIGN_STYLE = Automatic;
				DEVELOPMENT_TEAM = 8P82DXK79N;
				IBSC_MODULE = Notes_WatchKit_Extension;
				INFOPLIST_FILE = "Notes WatchKit App/Info.plist";
				PRODUCT_BUNDLE_IDENTIFIER = com.nicdeane.Notes.watchkitapp;
				PRODUCT_NAME = "$(TARGET_NAME)";
				SDKROOT = watchos;
				SKIP_INSTALL = YES;
				SWIFT_VERSION = 5.0;
				TARGETED_DEVICE_FAMILY = 4;
				WATCHOS_DEPLOYMENT_TARGET = 7.4;
			};
			name = Debug;
		};
		A6B3FF3827013CA90060ED0F /* Release */ = {
			isa = XCBuildConfiguration;
			buildSettings = {
				ALWAYS_EMBED_SWIFT_STANDARD_LIBRARIES = YES;
				ASSETCATALOG_COMPILER_APPICON_NAME = AppIcon;
				ASSETCATALOG_COMPILER_GLOBAL_ACCENT_COLOR_NAME = AccentColor;
				CODE_SIGN_STYLE = Automatic;
				DEVELOPMENT_TEAM = 8P82DXK79N;
				IBSC_MODULE = Notes_WatchKit_Extension;
				INFOPLIST_FILE = "Notes WatchKit App/Info.plist";
				PRODUCT_BUNDLE_IDENTIFIER = com.nicdeane.Notes.watchkitapp;
				PRODUCT_NAME = "$(TARGET_NAME)";
				SDKROOT = watchos;
				SKIP_INSTALL = YES;
				SWIFT_VERSION = 5.0;
				TARGETED_DEVICE_FAMILY = 4;
				WATCHOS_DEPLOYMENT_TARGET = 7.4;
			};
			name = Release;
		};
		A6B3FF3B27013CA90060ED0F /* Debug */ = {
			isa = XCBuildConfiguration;
			buildSettings = {
				CODE_SIGN_STYLE = Automatic;
				CURRENT_PROJECT_VERSION = 1;
				DEVELOPMENT_TEAM = 8P82DXK79N;
				MARKETING_VERSION = 1.0;
				PRODUCT_BUNDLE_IDENTIFIER = com.nicdeane.Notes;
				PRODUCT_NAME = "$(TARGET_NAME)";
				SWIFT_VERSION = 5.0;
			};
			name = Debug;
		};
		A6B3FF3C27013CA90060ED0F /* Release */ = {
			isa = XCBuildConfiguration;
			buildSettings = {
				CODE_SIGN_STYLE = Automatic;
				CURRENT_PROJECT_VERSION = 1;
				DEVELOPMENT_TEAM = 8P82DXK79N;
				MARKETING_VERSION = 1.0;
				PRODUCT_BUNDLE_IDENTIFIER = com.nicdeane.Notes;
				PRODUCT_NAME = "$(TARGET_NAME)";
				SWIFT_VERSION = 5.0;
			};
			name = Release;
		};
/* End XCBuildConfiguration section */

/* Begin XCConfigurationList section */
		A6B3FF0C27013CA70060ED0F /* Build configuration list for PBXProject "Notes" */ = {
			isa = XCConfigurationList;
			buildConfigurations = (
				A6B3FF3027013CA90060ED0F /* Debug */,
				A6B3FF3127013CA90060ED0F /* Release */,
			);
			defaultConfigurationIsVisible = 0;
			defaultConfigurationName = Release;
		};
		A6B3FF3227013CA90060ED0F /* Build configuration list for PBXNativeTarget "Notes WatchKit Extension" */ = {
			isa = XCConfigurationList;
			buildConfigurations = (
				A6B3FF3327013CA90060ED0F /* Debug */,
				A6B3FF3427013CA90060ED0F /* Release */,
			);
			defaultConfigurationIsVisible = 0;
			defaultConfigurationName = Release;
		};
		A6B3FF3627013CA90060ED0F /* Build configuration list for PBXNativeTarget "Notes WatchKit App" */ = {
			isa = XCConfigurationList;
			buildConfigurations = (
				A6B3FF3727013CA90060ED0F /* Debug */,
				A6B3FF3827013CA90060ED0F /* Release */,
			);
			defaultConfigurationIsVisible = 0;
			defaultConfigurationName = Release;
		};
		A6B3FF3A27013CA90060ED0F /* Build configuration list for PBXNativeTarget "Notes" */ = {
			isa = XCConfigurationList;
			buildConfigurations = (
				A6B3FF3B27013CA90060ED0F /* Debug */,
				A6B3FF3C27013CA90060ED0F /* Release */,
			);
			defaultConfigurationIsVisible = 0;
			defaultConfigurationName = Release;
		};
/* End XCConfigurationList section */
	};
	rootObject = A6B3FF0927013CA70060ED0F /* Project object */;
}
